// !$*UTF8*$!
{
	archiveVersion = 1;
	classes = {
	};
	objectVersion = 46;
	objects = {

/* Begin PBXBuildFile section */
		831FFB0B18C4211500CAA765 /* Foundation.framework in Frameworks */ = {isa = PBXBuildFile; fileRef = 831FFB0A18C4211500CAA765 /* Foundation.framework */; };
		831FFB0D18C4211500CAA765 /* CoreGraphics.framework in Frameworks */ = {isa = PBXBuildFile; fileRef = 831FFB0C18C4211500CAA765 /* CoreGraphics.framework */; };
		831FFB0F18C4211500CAA765 /* UIKit.framework in Frameworks */ = {isa = PBXBuildFile; fileRef = 831FFB0E18C4211500CAA765 /* UIKit.framework */; };
		831FFB1518C4211500CAA765 /* InfoPlist.strings in Resources */ = {isa = PBXBuildFile; fileRef = 831FFB1318C4211500CAA765 /* InfoPlist.strings */; };
		831FFB1718C4211500CAA765 /* main.m in Sources */ = {isa = PBXBuildFile; fileRef = 831FFB1618C4211500CAA765 /* main.m */; };
		831FFB1B18C4211500CAA765 /* AppDelegate.m in Sources */ = {isa = PBXBuildFile; fileRef = 831FFB1A18C4211500CAA765 /* AppDelegate.m */; };
		831FFB1D18C4211500CAA765 /* Images.xcassets in Resources */ = {isa = PBXBuildFile; fileRef = 831FFB1C18C4211500CAA765 /* Images.xcassets */; };
		831FFB2418C4211500CAA765 /* XCTest.framework in Frameworks */ = {isa = PBXBuildFile; fileRef = 831FFB2318C4211500CAA765 /* XCTest.framework */; };
		831FFB2518C4211500CAA765 /* Foundation.framework in Frameworks */ = {isa = PBXBuildFile; fileRef = 831FFB0A18C4211500CAA765 /* Foundation.framework */; };
		831FFB2618C4211500CAA765 /* UIKit.framework in Frameworks */ = {isa = PBXBuildFile; fileRef = 831FFB0E18C4211500CAA765 /* UIKit.framework */; };
		831FFB2E18C4211500CAA765 /* InfoPlist.strings in Resources */ = {isa = PBXBuildFile; fileRef = 831FFB2C18C4211500CAA765 /* InfoPlist.strings */; };
		831FFB3018C4211500CAA765 /* acgTests.m in Sources */ = {isa = PBXBuildFile; fileRef = 831FFB2F18C4211500CAA765 /* acgTests.m */; };
		831FFB4118C421A100CAA765 /* RDVTabBar.m in Sources */ = {isa = PBXBuildFile; fileRef = 831FFB3C18C421A100CAA765 /* RDVTabBar.m */; };
		831FFB4218C421A100CAA765 /* RDVTabBarController.m in Sources */ = {isa = PBXBuildFile; fileRef = 831FFB3E18C421A100CAA765 /* RDVTabBarController.m */; };
		831FFB4318C421A100CAA765 /* RDVTabBarItem.m in Sources */ = {isa = PBXBuildFile; fileRef = 831FFB4018C421A100CAA765 /* RDVTabBarItem.m */; };
		831FFB5918C421F600CAA765 /* first_normal.png in Resources */ = {isa = PBXBuildFile; fileRef = 831FFB4518C421F600CAA765 /* first_normal.png */; };
		831FFB5A18C421F600CAA765 /* first_normal@2x.png in Resources */ = {isa = PBXBuildFile; fileRef = 831FFB4618C421F600CAA765 /* first_normal@2x.png */; };
		831FFB5B18C421F600CAA765 /* first_selected.png in Resources */ = {isa = PBXBuildFile; fileRef = 831FFB4718C421F600CAA765 /* first_selected.png */; };
		831FFB5C18C421F600CAA765 /* first_selected@2x.png in Resources */ = {isa = PBXBuildFile; fileRef = 831FFB4818C421F600CAA765 /* first_selected@2x.png */; };
		831FFB5D18C421F600CAA765 /* navigationbar_background.png in Resources */ = {isa = PBXBuildFile; fileRef = 831FFB4918C421F600CAA765 /* navigationbar_background.png */; };
		831FFB5E18C421F600CAA765 /* navigationbar_background@2x.png in Resources */ = {isa = PBXBuildFile; fileRef = 831FFB4A18C421F600CAA765 /* navigationbar_background@2x.png */; };
		831FFB5F18C421F600CAA765 /* navigationbar_background_tall.png in Resources */ = {isa = PBXBuildFile; fileRef = 831FFB4B18C421F600CAA765 /* navigationbar_background_tall.png */; };
		831FFB6018C421F600CAA765 /* navigationbar_background_tall@2x.png in Resources */ = {isa = PBXBuildFile; fileRef = 831FFB4C18C421F600CAA765 /* navigationbar_background_tall@2x.png */; };
		831FFB6118C421F600CAA765 /* second_normal.png in Resources */ = {isa = PBXBuildFile; fileRef = 831FFB4D18C421F600CAA765 /* second_normal.png */; };
		831FFB6218C421F600CAA765 /* second_normal@2x.png in Resources */ = {isa = PBXBuildFile; fileRef = 831FFB4E18C421F600CAA765 /* second_normal@2x.png */; };
		831FFB6318C421F600CAA765 /* second_selected.png in Resources */ = {isa = PBXBuildFile; fileRef = 831FFB4F18C421F600CAA765 /* second_selected.png */; };
		831FFB6418C421F600CAA765 /* second_selected@2x.png in Resources */ = {isa = PBXBuildFile; fileRef = 831FFB5018C421F600CAA765 /* second_selected@2x.png */; };
		831FFB6518C421F600CAA765 /* tabbar_normal_background.png in Resources */ = {isa = PBXBuildFile; fileRef = 831FFB5118C421F600CAA765 /* tabbar_normal_background.png */; };
		831FFB6618C421F600CAA765 /* tabbar_normal_background@2x.png in Resources */ = {isa = PBXBuildFile; fileRef = 831FFB5218C421F600CAA765 /* tabbar_normal_background@2x.png */; };
		831FFB6718C421F600CAA765 /* tabbar_selected_background.png in Resources */ = {isa = PBXBuildFile; fileRef = 831FFB5318C421F600CAA765 /* tabbar_selected_background.png */; };
		831FFB6818C421F600CAA765 /* tabbar_selected_background@2x.png in Resources */ = {isa = PBXBuildFile; fileRef = 831FFB5418C421F600CAA765 /* tabbar_selected_background@2x.png */; };
		831FFB6918C421F600CAA765 /* third_normal.png in Resources */ = {isa = PBXBuildFile; fileRef = 831FFB5518C421F600CAA765 /* third_normal.png */; };
		831FFB6A18C421F600CAA765 /* third_normal@2x.png in Resources */ = {isa = PBXBuildFile; fileRef = 831FFB5618C421F600CAA765 /* third_normal@2x.png */; };
		831FFB6B18C421F600CAA765 /* third_selected.png in Resources */ = {isa = PBXBuildFile; fileRef = 831FFB5718C421F600CAA765 /* third_selected.png */; };
		831FFB6C18C421F600CAA765 /* third_selected@2x.png in Resources */ = {isa = PBXBuildFile; fileRef = 831FFB5818C421F600CAA765 /* third_selected@2x.png */; };
		831FFB7318C4225400CAA765 /* RDVFirstViewController.m in Sources */ = {isa = PBXBuildFile; fileRef = 831FFB6E18C4225400CAA765 /* RDVFirstViewController.m */; };
		831FFB7418C4225400CAA765 /* RDVSecondViewController.m in Sources */ = {isa = PBXBuildFile; fileRef = 831FFB7018C4225400CAA765 /* RDVSecondViewController.m */; };
		831FFB7518C4225400CAA765 /* RDVThirdViewController.m in Sources */ = {isa = PBXBuildFile; fileRef = 831FFB7218C4225400CAA765 /* RDVThirdViewController.m */; };
		831FFB7818C4234F00CAA765 /* RDVFourViewController.m in Sources */ = {isa = PBXBuildFile; fileRef = 831FFB7718C4234F00CAA765 /* RDVFourViewController.m */; };
		831FFBAE18C4266D00CAA765 /* MKAnnotationView+WebCache.m in Sources */ = {isa = PBXBuildFile; fileRef = 831FFB8B18C4266D00CAA765 /* MKAnnotationView+WebCache.m */; };
		831FFBAF18C4266D00CAA765 /* NSData+GIF.m in Sources */ = {isa = PBXBuildFile; fileRef = 831FFB8D18C4266D00CAA765 /* NSData+GIF.m */; };
		831FFBB018C4266D00CAA765 /* SDImageCache.m in Sources */ = {isa = PBXBuildFile; fileRef = 831FFB8F18C4266D00CAA765 /* SDImageCache.m */; };
		831FFBB118C4266D00CAA765 /* SDWebImageCompat.m in Sources */ = {isa = PBXBuildFile; fileRef = 831FFB9118C4266D00CAA765 /* SDWebImageCompat.m */; };
		831FFBB218C4266D00CAA765 /* SDWebImageDecoder.m in Sources */ = {isa = PBXBuildFile; fileRef = 831FFB9318C4266D00CAA765 /* SDWebImageDecoder.m */; };
		831FFBB318C4266D00CAA765 /* SDWebImageDownloader.m in Sources */ = {isa = PBXBuildFile; fileRef = 831FFB9518C4266D00CAA765 /* SDWebImageDownloader.m */; };
		831FFBB418C4266D00CAA765 /* SDWebImageDownloaderOperation.m in Sources */ = {isa = PBXBuildFile; fileRef = 831FFB9718C4266D00CAA765 /* SDWebImageDownloaderOperation.m */; };
		831FFBB518C4266D00CAA765 /* SDWebImageManager.m in Sources */ = {isa = PBXBuildFile; fileRef = 831FFB9918C4266D00CAA765 /* SDWebImageManager.m */; };
		831FFBB618C4266D00CAA765 /* SDWebImagePrefetcher.m in Sources */ = {isa = PBXBuildFile; fileRef = 831FFB9C18C4266D00CAA765 /* SDWebImagePrefetcher.m */; };
		831FFBB718C4266D00CAA765 /* UIButton+WebCache.m in Sources */ = {isa = PBXBuildFile; fileRef = 831FFB9E18C4266D00CAA765 /* UIButton+WebCache.m */; };
		831FFBB818C4266D00CAA765 /* UIImage+GIF.m in Sources */ = {isa = PBXBuildFile; fileRef = 831FFBA018C4266D00CAA765 /* UIImage+GIF.m */; };
		831FFBB918C4266D00CAA765 /* UIImage+MultiFormat.m in Sources */ = {isa = PBXBuildFile; fileRef = 831FFBA218C4266D00CAA765 /* UIImage+MultiFormat.m */; };
		831FFBBA18C4266D00CAA765 /* UIImage+WebP.m in Sources */ = {isa = PBXBuildFile; fileRef = 831FFBA418C4266D00CAA765 /* UIImage+WebP.m */; };
		831FFBBB18C4266D00CAA765 /* UIImageView+WebCache.m in Sources */ = {isa = PBXBuildFile; fileRef = 831FFBA618C4266D00CAA765 /* UIImageView+WebCache.m */; };
		831FFBBF18C426D900CAA765 /* MBProgressHUD.m in Sources */ = {isa = PBXBuildFile; fileRef = 831FFBBE18C426D900CAA765 /* MBProgressHUD.m */; };
		831FFBC918C4273300CAA765 /* MJRefresh.bundle in Resources */ = {isa = PBXBuildFile; fileRef = 831FFBC118C4273300CAA765 /* MJRefresh.bundle */; };
		831FFBCA18C4273300CAA765 /* MJRefreshBaseView.m in Sources */ = {isa = PBXBuildFile; fileRef = 831FFBC418C4273300CAA765 /* MJRefreshBaseView.m */; };
		831FFBCB18C4273300CAA765 /* MJRefreshFooterView.m in Sources */ = {isa = PBXBuildFile; fileRef = 831FFBC618C4273300CAA765 /* MJRefreshFooterView.m */; };
		831FFBCC18C4273300CAA765 /* MJRefreshHeaderView.m in Sources */ = {isa = PBXBuildFile; fileRef = 831FFBC818C4273300CAA765 /* MJRefreshHeaderView.m */; };
/* End PBXBuildFile section */

/* Begin PBXContainerItemProxy section */
		831FFB2718C4211500CAA765 /* PBXContainerItemProxy */ = {
			isa = PBXContainerItemProxy;
			containerPortal = 831FFAFF18C4211500CAA765 /* Project object */;
			proxyType = 1;
			remoteGlobalIDString = 831FFB0618C4211500CAA765;
			remoteInfo = acg;
		};
/* End PBXContainerItemProxy section */

/* Begin PBXFileReference section */
		831FFB0718C4211500CAA765 /* acg.app */ = {isa = PBXFileReference; explicitFileType = wrapper.application; includeInIndex = 0; path = acg.app; sourceTree = BUILT_PRODUCTS_DIR; };
		831FFB0A18C4211500CAA765 /* Foundation.framework */ = {isa = PBXFileReference; lastKnownFileType = wrapper.framework; name = Foundation.framework; path = System/Library/Frameworks/Foundation.framework; sourceTree = SDKROOT; };
		831FFB0C18C4211500CAA765 /* CoreGraphics.framework */ = {isa = PBXFileReference; lastKnownFileType = wrapper.framework; name = CoreGraphics.framework; path = System/Library/Frameworks/CoreGraphics.framework; sourceTree = SDKROOT; };
		831FFB0E18C4211500CAA765 /* UIKit.framework */ = {isa = PBXFileReference; lastKnownFileType = wrapper.framework; name = UIKit.framework; path = System/Library/Frameworks/UIKit.framework; sourceTree = SDKROOT; };
		831FFB1218C4211500CAA765 /* acg-Info.plist */ = {isa = PBXFileReference; lastKnownFileType = text.plist.xml; path = "acg-Info.plist"; sourceTree = "<group>"; };
		831FFB1418C4211500CAA765 /* en */ = {isa = PBXFileReference; lastKnownFileType = text.plist.strings; name = en; path = en.lproj/InfoPlist.strings; sourceTree = "<group>"; };
		831FFB1618C4211500CAA765 /* main.m */ = {isa = PBXFileReference; lastKnownFileType = sourcecode.c.objc; path = main.m; sourceTree = "<group>"; };
		831FFB1818C4211500CAA765 /* acg-Prefix.pch */ = {isa = PBXFileReference; lastKnownFileType = sourcecode.c.h; path = "acg-Prefix.pch"; sourceTree = "<group>"; };
		831FFB1918C4211500CAA765 /* AppDelegate.h */ = {isa = PBXFileReference; lastKnownFileType = sourcecode.c.h; path = AppDelegate.h; sourceTree = "<group>"; };
		831FFB1A18C4211500CAA765 /* AppDelegate.m */ = {isa = PBXFileReference; lastKnownFileType = sourcecode.c.objc; path = AppDelegate.m; sourceTree = "<group>"; };
		831FFB1C18C4211500CAA765 /* Images.xcassets */ = {isa = PBXFileReference; lastKnownFileType = folder.assetcatalog; path = Images.xcassets; sourceTree = "<group>"; };
		831FFB2218C4211500CAA765 /* acgTests.xctest */ = {isa = PBXFileReference; explicitFileType = wrapper.cfbundle; includeInIndex = 0; path = acgTests.xctest; sourceTree = BUILT_PRODUCTS_DIR; };
		831FFB2318C4211500CAA765 /* XCTest.framework */ = {isa = PBXFileReference; lastKnownFileType = wrapper.framework; name = XCTest.framework; path = Library/Frameworks/XCTest.framework; sourceTree = DEVELOPER_DIR; };
		831FFB2B18C4211500CAA765 /* acgTests-Info.plist */ = {isa = PBXFileReference; lastKnownFileType = text.plist.xml; path = "acgTests-Info.plist"; sourceTree = "<group>"; };
		831FFB2D18C4211500CAA765 /* en */ = {isa = PBXFileReference; lastKnownFileType = text.plist.strings; name = en; path = en.lproj/InfoPlist.strings; sourceTree = "<group>"; };
		831FFB2F18C4211500CAA765 /* acgTests.m */ = {isa = PBXFileReference; lastKnownFileType = sourcecode.c.objc; path = acgTests.m; sourceTree = "<group>"; };
		831FFB3B18C421A100CAA765 /* RDVTabBar.h */ = {isa = PBXFileReference; fileEncoding = 4; lastKnownFileType = sourcecode.c.h; path = RDVTabBar.h; sourceTree = "<group>"; };
		831FFB3C18C421A100CAA765 /* RDVTabBar.m */ = {isa = PBXFileReference; fileEncoding = 4; lastKnownFileType = sourcecode.c.objc; path = RDVTabBar.m; sourceTree = "<group>"; };
		831FFB3D18C421A100CAA765 /* RDVTabBarController.h */ = {isa = PBXFileReference; fileEncoding = 4; lastKnownFileType = sourcecode.c.h; path = RDVTabBarController.h; sourceTree = "<group>"; };
		831FFB3E18C421A100CAA765 /* RDVTabBarController.m */ = {isa = PBXFileReference; fileEncoding = 4; lastKnownFileType = sourcecode.c.objc; path = RDVTabBarController.m; sourceTree = "<group>"; };
		831FFB3F18C421A100CAA765 /* RDVTabBarItem.h */ = {isa = PBXFileReference; fileEncoding = 4; lastKnownFileType = sourcecode.c.h; path = RDVTabBarItem.h; sourceTree = "<group>"; };
		831FFB4018C421A100CAA765 /* RDVTabBarItem.m */ = {isa = PBXFileReference; fileEncoding = 4; lastKnownFileType = sourcecode.c.objc; path = RDVTabBarItem.m; sourceTree = "<group>"; };
		831FFB4518C421F600CAA765 /* first_normal.png */ = {isa = PBXFileReference; lastKnownFileType = image.png; path = first_normal.png; sourceTree = "<group>"; };
		831FFB4618C421F600CAA765 /* first_normal@2x.png */ = {isa = PBXFileReference; lastKnownFileType = image.png; path = "first_normal@2x.png"; sourceTree = "<group>"; };
		831FFB4718C421F600CAA765 /* first_selected.png */ = {isa = PBXFileReference; lastKnownFileType = image.png; path = first_selected.png; sourceTree = "<group>"; };
		831FFB4818C421F600CAA765 /* first_selected@2x.png */ = {isa = PBXFileReference; lastKnownFileType = image.png; path = "first_selected@2x.png"; sourceTree = "<group>"; };
		831FFB4918C421F600CAA765 /* navigationbar_background.png */ = {isa = PBXFileReference; lastKnownFileType = image.png; path = navigationbar_background.png; sourceTree = "<group>"; };
		831FFB4A18C421F600CAA765 /* navigationbar_background@2x.png */ = {isa = PBXFileReference; lastKnownFileType = image.png; path = "navigationbar_background@2x.png"; sourceTree = "<group>"; };
		831FFB4B18C421F600CAA765 /* navigationbar_background_tall.png */ = {isa = PBXFileReference; lastKnownFileType = image.png; path = navigationbar_background_tall.png; sourceTree = "<group>"; };
		831FFB4C18C421F600CAA765 /* navigationbar_background_tall@2x.png */ = {isa = PBXFileReference; lastKnownFileType = image.png; path = "navigationbar_background_tall@2x.png"; sourceTree = "<group>"; };
		831FFB4D18C421F600CAA765 /* second_normal.png */ = {isa = PBXFileReference; lastKnownFileType = image.png; path = second_normal.png; sourceTree = "<group>"; };
		831FFB4E18C421F600CAA765 /* second_normal@2x.png */ = {isa = PBXFileReference; lastKnownFileType = image.png; path = "second_normal@2x.png"; sourceTree = "<group>"; };
		831FFB4F18C421F600CAA765 /* second_selected.png */ = {isa = PBXFileReference; lastKnownFileType = image.png; path = second_selected.png; sourceTree = "<group>"; };
		831FFB5018C421F600CAA765 /* second_selected@2x.png */ = {isa = PBXFileReference; lastKnownFileType = image.png; path = "second_selected@2x.png"; sourceTree = "<group>"; };
		831FFB5118C421F600CAA765 /* tabbar_normal_background.png */ = {isa = PBXFileReference; lastKnownFileType = image.png; path = tabbar_normal_background.png; sourceTree = "<group>"; };
		831FFB5218C421F600CAA765 /* tabbar_normal_background@2x.png */ = {isa = PBXFileReference; lastKnownFileType = image.png; path = "tabbar_normal_background@2x.png"; sourceTree = "<group>"; };
		831FFB5318C421F600CAA765 /* tabbar_selected_background.png */ = {isa = PBXFileReference; lastKnownFileType = image.png; path = tabbar_selected_background.png; sourceTree = "<group>"; };
		831FFB5418C421F600CAA765 /* tabbar_selected_background@2x.png */ = {isa = PBXFileReference; lastKnownFileType = image.png; path = "tabbar_selected_background@2x.png"; sourceTree = "<group>"; };
		831FFB5518C421F600CAA765 /* third_normal.png */ = {isa = PBXFileReference; lastKnownFileType = image.png; path = third_normal.png; sourceTree = "<group>"; };
		831FFB5618C421F600CAA765 /* third_normal@2x.png */ = {isa = PBXFileReference; lastKnownFileType = image.png; path = "third_normal@2x.png"; sourceTree = "<group>"; };
		831FFB5718C421F600CAA765 /* third_selected.png */ = {isa = PBXFileReference; lastKnownFileType = image.png; path = third_selected.png; sourceTree = "<group>"; };
		831FFB5818C421F600CAA765 /* third_selected@2x.png */ = {isa = PBXFileReference; lastKnownFileType = image.png; path = "third_selected@2x.png"; sourceTree = "<group>"; };
		831FFB6D18C4225400CAA765 /* RDVFirstViewController.h */ = {isa = PBXFileReference; fileEncoding = 4; lastKnownFileType = sourcecode.c.h; path = RDVFirstViewController.h; sourceTree = "<group>"; };
		831FFB6E18C4225400CAA765 /* RDVFirstViewController.m */ = {isa = PBXFileReference; fileEncoding = 4; lastKnownFileType = sourcecode.c.objc; path = RDVFirstViewController.m; sourceTree = "<group>"; };
		831FFB6F18C4225400CAA765 /* RDVSecondViewController.h */ = {isa = PBXFileReference; fileEncoding = 4; lastKnownFileType = sourcecode.c.h; path = RDVSecondViewController.h; sourceTree = "<group>"; };
		831FFB7018C4225400CAA765 /* RDVSecondViewController.m */ = {isa = PBXFileReference; fileEncoding = 4; lastKnownFileType = sourcecode.c.objc; path = RDVSecondViewController.m; sourceTree = "<group>"; };
		831FFB7118C4225400CAA765 /* RDVThirdViewController.h */ = {isa = PBXFileReference; fileEncoding = 4; lastKnownFileType = sourcecode.c.h; path = RDVThirdViewController.h; sourceTree = "<group>"; };
		831FFB7218C4225400CAA765 /* RDVThirdViewController.m */ = {isa = PBXFileReference; fileEncoding = 4; lastKnownFileType = sourcecode.c.objc; path = RDVThirdViewController.m; sourceTree = "<group>"; };
		831FFB7618C4234F00CAA765 /* RDVFourViewController.h */ = {isa = PBXFileReference; fileEncoding = 4; lastKnownFileType = sourcecode.c.h; path = RDVFourViewController.h; sourceTree = "<group>"; };
		831FFB7718C4234F00CAA765 /* RDVFourViewController.m */ = {isa = PBXFileReference; fileEncoding = 4; lastKnownFileType = sourcecode.c.objc; path = RDVFourViewController.m; sourceTree = "<group>"; };
		831FFB8A18C4266D00CAA765 /* MKAnnotationView+WebCache.h */ = {isa = PBXFileReference; fileEncoding = 4; lastKnownFileType = sourcecode.c.h; path = "MKAnnotationView+WebCache.h"; sourceTree = "<group>"; };
		831FFB8B18C4266D00CAA765 /* MKAnnotationView+WebCache.m */ = {isa = PBXFileReference; fileEncoding = 4; lastKnownFileType = sourcecode.c.objc; path = "MKAnnotationView+WebCache.m"; sourceTree = "<group>"; };
		831FFB8C18C4266D00CAA765 /* NSData+GIF.h */ = {isa = PBXFileReference; fileEncoding = 4; lastKnownFileType = sourcecode.c.h; path = "NSData+GIF.h"; sourceTree = "<group>"; };
		831FFB8D18C4266D00CAA765 /* NSData+GIF.m */ = {isa = PBXFileReference; fileEncoding = 4; lastKnownFileType = sourcecode.c.objc; path = "NSData+GIF.m"; sourceTree = "<group>"; };
		831FFB8E18C4266D00CAA765 /* SDImageCache.h */ = {isa = PBXFileReference; fileEncoding = 4; lastKnownFileType = sourcecode.c.h; path = SDImageCache.h; sourceTree = "<group>"; };
		831FFB8F18C4266D00CAA765 /* SDImageCache.m */ = {isa = PBXFileReference; fileEncoding = 4; lastKnownFileType = sourcecode.c.objc; path = SDImageCache.m; sourceTree = "<group>"; };
		831FFB9018C4266D00CAA765 /* SDWebImageCompat.h */ = {isa = PBXFileReference; fileEncoding = 4; lastKnownFileType = sourcecode.c.h; path = SDWebImageCompat.h; sourceTree = "<group>"; };
		831FFB9118C4266D00CAA765 /* SDWebImageCompat.m */ = {isa = PBXFileReference; fileEncoding = 4; lastKnownFileType = sourcecode.c.objc; path = SDWebImageCompat.m; sourceTree = "<group>"; };
		831FFB9218C4266D00CAA765 /* SDWebImageDecoder.h */ = {isa = PBXFileReference; fileEncoding = 4; lastKnownFileType = sourcecode.c.h; path = SDWebImageDecoder.h; sourceTree = "<group>"; };
		831FFB9318C4266D00CAA765 /* SDWebImageDecoder.m */ = {isa = PBXFileReference; fileEncoding = 4; lastKnownFileType = sourcecode.c.objc; path = SDWebImageDecoder.m; sourceTree = "<group>"; };
		831FFB9418C4266D00CAA765 /* SDWebImageDownloader.h */ = {isa = PBXFileReference; fileEncoding = 4; lastKnownFileType = sourcecode.c.h; path = SDWebImageDownloader.h; sourceTree = "<group>"; };
		831FFB9518C4266D00CAA765 /* SDWebImageDownloader.m */ = {isa = PBXFileReference; fileEncoding = 4; lastKnownFileType = sourcecode.c.objc; path = SDWebImageDownloader.m; sourceTree = "<group>"; };
		831FFB9618C4266D00CAA765 /* SDWebImageDownloaderOperation.h */ = {isa = PBXFileReference; fileEncoding = 4; lastKnownFileType = sourcecode.c.h; path = SDWebImageDownloaderOperation.h; sourceTree = "<group>"; };
		831FFB9718C4266D00CAA765 /* SDWebImageDownloaderOperation.m */ = {isa = PBXFileReference; fileEncoding = 4; lastKnownFileType = sourcecode.c.objc; path = SDWebImageDownloaderOperation.m; sourceTree = "<group>"; };
		831FFB9818C4266D00CAA765 /* SDWebImageManager.h */ = {isa = PBXFileReference; fileEncoding = 4; lastKnownFileType = sourcecode.c.h; path = SDWebImageManager.h; sourceTree = "<group>"; };
		831FFB9918C4266D00CAA765 /* SDWebImageManager.m */ = {isa = PBXFileReference; fileEncoding = 4; lastKnownFileType = sourcecode.c.objc; path = SDWebImageManager.m; sourceTree = "<group>"; };
		831FFB9A18C4266D00CAA765 /* SDWebImageOperation.h */ = {isa = PBXFileReference; fileEncoding = 4; lastKnownFileType = sourcecode.c.h; path = SDWebImageOperation.h; sourceTree = "<group>"; };
		831FFB9B18C4266D00CAA765 /* SDWebImagePrefetcher.h */ = {isa = PBXFileReference; fileEncoding = 4; lastKnownFileType = sourcecode.c.h; path = SDWebImagePrefetcher.h; sourceTree = "<group>"; };
		831FFB9C18C4266D00CAA765 /* SDWebImagePrefetcher.m */ = {isa = PBXFileReference; fileEncoding = 4; lastKnownFileType = sourcecode.c.objc; path = SDWebImagePrefetcher.m; sourceTree = "<group>"; };
		831FFB9D18C4266D00CAA765 /* UIButton+WebCache.h */ = {isa = PBXFileReference; fileEncoding = 4; lastKnownFileType = sourcecode.c.h; path = "UIButton+WebCache.h"; sourceTree = "<group>"; };
		831FFB9E18C4266D00CAA765 /* UIButton+WebCache.m */ = {isa = PBXFileReference; fileEncoding = 4; lastKnownFileType = sourcecode.c.objc; path = "UIButton+WebCache.m"; sourceTree = "<group>"; };
		831FFB9F18C4266D00CAA765 /* UIImage+GIF.h */ = {isa = PBXFileReference; fileEncoding = 4; lastKnownFileType = sourcecode.c.h; path = "UIImage+GIF.h"; sourceTree = "<group>"; };
		831FFBA018C4266D00CAA765 /* UIImage+GIF.m */ = {isa = PBXFileReference; fileEncoding = 4; lastKnownFileType = sourcecode.c.objc; path = "UIImage+GIF.m"; sourceTree = "<group>"; };
		831FFBA118C4266D00CAA765 /* UIImage+MultiFormat.h */ = {isa = PBXFileReference; fileEncoding = 4; lastKnownFileType = sourcecode.c.h; path = "UIImage+MultiFormat.h"; sourceTree = "<group>"; };
		831FFBA218C4266D00CAA765 /* UIImage+MultiFormat.m */ = {isa = PBXFileReference; fileEncoding = 4; lastKnownFileType = sourcecode.c.objc; path = "UIImage+MultiFormat.m"; sourceTree = "<group>"; };
		831FFBA318C4266D00CAA765 /* UIImage+WebP.h */ = {isa = PBXFileReference; fileEncoding = 4; lastKnownFileType = sourcecode.c.h; path = "UIImage+WebP.h"; sourceTree = "<group>"; };
		831FFBA418C4266D00CAA765 /* UIImage+WebP.m */ = {isa = PBXFileReference; fileEncoding = 4; lastKnownFileType = sourcecode.c.objc; path = "UIImage+WebP.m"; sourceTree = "<group>"; };
		831FFBA518C4266D00CAA765 /* UIImageView+WebCache.h */ = {isa = PBXFileReference; fileEncoding = 4; lastKnownFileType = sourcecode.c.h; path = "UIImageView+WebCache.h"; sourceTree = "<group>"; };
		831FFBA618C4266D00CAA765 /* UIImageView+WebCache.m */ = {isa = PBXFileReference; fileEncoding = 4; lastKnownFileType = sourcecode.c.objc; path = "UIImageView+WebCache.m"; sourceTree = "<group>"; };
		831FFBBD18C426D900CAA765 /* MBProgressHUD.h */ = {isa = PBXFileReference; fileEncoding = 4; lastKnownFileType = sourcecode.c.h; path = MBProgressHUD.h; sourceTree = "<group>"; };
		831FFBBE18C426D900CAA765 /* MBProgressHUD.m */ = {isa = PBXFileReference; fileEncoding = 4; lastKnownFileType = sourcecode.c.objc; path = MBProgressHUD.m; sourceTree = "<group>"; };
		831FFBC118C4273300CAA765 /* MJRefresh.bundle */ = {isa = PBXFileReference; lastKnownFileType = "wrapper.plug-in"; path = MJRefresh.bundle; sourceTree = "<group>"; };
		831FFBC218C4273300CAA765 /* MJRefresh.h */ = {isa = PBXFileReference; fileEncoding = 4; lastKnownFileType = sourcecode.c.h; path = MJRefresh.h; sourceTree = "<group>"; };
		831FFBC318C4273300CAA765 /* MJRefreshBaseView.h */ = {isa = PBXFileReference; fileEncoding = 4; lastKnownFileType = sourcecode.c.h; path = MJRefreshBaseView.h; sourceTree = "<group>"; };
		831FFBC418C4273300CAA765 /* MJRefreshBaseView.m */ = {isa = PBXFileReference; fileEncoding = 4; lastKnownFileType = sourcecode.c.objc; path = MJRefreshBaseView.m; sourceTree = "<group>"; };
		831FFBC518C4273300CAA765 /* MJRefreshFooterView.h */ = {isa = PBXFileReference; fileEncoding = 4; lastKnownFileType = sourcecode.c.h; path = MJRefreshFooterView.h; sourceTree = "<group>"; };
		831FFBC618C4273300CAA765 /* MJRefreshFooterView.m */ = {isa = PBXFileReference; fileEncoding = 4; lastKnownFileType = sourcecode.c.objc; path = MJRefreshFooterView.m; sourceTree = "<group>"; };
		831FFBC718C4273300CAA765 /* MJRefreshHeaderView.h */ = {isa = PBXFileReference; fileEncoding = 4; lastKnownFileType = sourcecode.c.h; path = MJRefreshHeaderView.h; sourceTree = "<group>"; };
		831FFBC818C4273300CAA765 /* MJRefreshHeaderView.m */ = {isa = PBXFileReference; fileEncoding = 4; lastKnownFileType = sourcecode.c.objc; path = MJRefreshHeaderView.m; sourceTree = "<group>"; };
/* End PBXFileReference section */

/* Begin PBXFrameworksBuildPhase section */
		831FFB0418C4211500CAA765 /* Frameworks */ = {
			isa = PBXFrameworksBuildPhase;
			buildActionMask = 2147483647;
			files = (
				831FFB0D18C4211500CAA765 /* CoreGraphics.framework in Frameworks */,
				831FFB0F18C4211500CAA765 /* UIKit.framework in Frameworks */,
				831FFB0B18C4211500CAA765 /* Foundation.framework in Frameworks */,
			);
			runOnlyForDeploymentPostprocessing = 0;
		};
		831FFB1F18C4211500CAA765 /* Frameworks */ = {
			isa = PBXFrameworksBuildPhase;
			buildActionMask = 2147483647;
			files = (
				831FFB2418C4211500CAA765 /* XCTest.framework in Frameworks */,
				831FFB2618C4211500CAA765 /* UIKit.framework in Frameworks */,
				831FFB2518C4211500CAA765 /* Foundation.framework in Frameworks */,
			);
			runOnlyForDeploymentPostprocessing = 0;
		};
/* End PBXFrameworksBuildPhase section */

/* Begin PBXGroup section */
		831FFAFE18C4211500CAA765 = {
			isa = PBXGroup;
			children = (
				831FFB4418C421B100CAA765 /* images */,
				831FFB3918C421A100CAA765 /* lib */,
				831FFB1018C4211500CAA765 /* acg */,
				831FFB2918C4211500CAA765 /* acgTests */,
				831FFB0918C4211500CAA765 /* Frameworks */,
				831FFB0818C4211500CAA765 /* Products */,
			);
			sourceTree = "<group>";
		};
		831FFB0818C4211500CAA765 /* Products */ = {
			isa = PBXGroup;
			children = (
				831FFB0718C4211500CAA765 /* acg.app */,
				831FFB2218C4211500CAA765 /* acgTests.xctest */,
			);
			name = Products;
			sourceTree = "<group>";
		};
		831FFB0918C4211500CAA765 /* Frameworks */ = {
			isa = PBXGroup;
			children = (
				831FFB0A18C4211500CAA765 /* Foundation.framework */,
				831FFB0C18C4211500CAA765 /* CoreGraphics.framework */,
				831FFB0E18C4211500CAA765 /* UIKit.framework */,
				831FFB2318C4211500CAA765 /* XCTest.framework */,
			);
			name = Frameworks;
			sourceTree = "<group>";
		};
		831FFB1018C4211500CAA765 /* acg */ = {
			isa = PBXGroup;
			children = (
				831FFB1918C4211500CAA765 /* AppDelegate.h */,
				831FFB1A18C4211500CAA765 /* AppDelegate.m */,
				831FFB6D18C4225400CAA765 /* RDVFirstViewController.h */,
				831FFB6E18C4225400CAA765 /* RDVFirstViewController.m */,
				831FFB6F18C4225400CAA765 /* RDVSecondViewController.h */,
				831FFB7018C4225400CAA765 /* RDVSecondViewController.m */,
				831FFB7118C4225400CAA765 /* RDVThirdViewController.h */,
				831FFB7218C4225400CAA765 /* RDVThirdViewController.m */,
				831FFB7618C4234F00CAA765 /* RDVFourViewController.h */,
				831FFB7718C4234F00CAA765 /* RDVFourViewController.m */,
				831FFB1C18C4211500CAA765 /* Images.xcassets */,
				831FFB1118C4211500CAA765 /* Supporting Files */,
			);
			path = acg;
			sourceTree = "<group>";
		};
		831FFB1118C4211500CAA765 /* Supporting Files */ = {
			isa = PBXGroup;
			children = (
				831FFB1218C4211500CAA765 /* acg-Info.plist */,
				831FFB1318C4211500CAA765 /* InfoPlist.strings */,
				831FFB1618C4211500CAA765 /* main.m */,
				831FFB1818C4211500CAA765 /* acg-Prefix.pch */,
			);
			name = "Supporting Files";
			sourceTree = "<group>";
		};
		831FFB2918C4211500CAA765 /* acgTests */ = {
			isa = PBXGroup;
			children = (
				831FFB2F18C4211500CAA765 /* acgTests.m */,
				831FFB2A18C4211500CAA765 /* Supporting Files */,
			);
			path = acgTests;
			sourceTree = "<group>";
		};
		831FFB2A18C4211500CAA765 /* Supporting Files */ = {
			isa = PBXGroup;
			children = (
				831FFB2B18C4211500CAA765 /* acgTests-Info.plist */,
				831FFB2C18C4211500CAA765 /* InfoPlist.strings */,
			);
			name = "Supporting Files";
			sourceTree = "<group>";
		};
		831FFB3918C421A100CAA765 /* lib */ = {
			isa = PBXGroup;
			children = (
				831FFBC018C4273300CAA765 /* MJRefresh */,
				831FFBBC18C426D900CAA765 /* MBProgressHUD */,
				831FFB8918C4266D00CAA765 /* SDWebImage */,
				831FFB3A18C421A100CAA765 /* RDVTabBarController */,
			);
			path = lib;
			sourceTree = "<group>";
		};
		831FFB3A18C421A100CAA765 /* RDVTabBarController */ = {
			isa = PBXGroup;
			children = (
				831FFB3B18C421A100CAA765 /* RDVTabBar.h */,
				831FFB3C18C421A100CAA765 /* RDVTabBar.m */,
				831FFB3D18C421A100CAA765 /* RDVTabBarController.h */,
				831FFB3E18C421A100CAA765 /* RDVTabBarController.m */,
				831FFB3F18C421A100CAA765 /* RDVTabBarItem.h */,
				831FFB4018C421A100CAA765 /* RDVTabBarItem.m */,
			);
			path = RDVTabBarController;
			sourceTree = "<group>";
		};
		831FFB4418C421B100CAA765 /* images */ = {
			isa = PBXGroup;
			children = (
				831FFB4518C421F600CAA765 /* first_normal.png */,
				831FFB4618C421F600CAA765 /* first_normal@2x.png */,
				831FFB4718C421F600CAA765 /* first_selected.png */,
				831FFB4818C421F600CAA765 /* first_selected@2x.png */,
				831FFB4918C421F600CAA765 /* navigationbar_background.png */,
				831FFB4A18C421F600CAA765 /* navigationbar_background@2x.png */,
				831FFB4B18C421F600CAA765 /* navigationbar_background_tall.png */,
				831FFB4C18C421F600CAA765 /* navigationbar_background_tall@2x.png */,
				831FFB4D18C421F600CAA765 /* second_normal.png */,
				831FFB4E18C421F600CAA765 /* second_normal@2x.png */,
				831FFB4F18C421F600CAA765 /* second_selected.png */,
				831FFB5018C421F600CAA765 /* second_selected@2x.png */,
				831FFB5118C421F600CAA765 /* tabbar_normal_background.png */,
				831FFB5218C421F600CAA765 /* tabbar_normal_background@2x.png */,
				831FFB5318C421F600CAA765 /* tabbar_selected_background.png */,
				831FFB5418C421F600CAA765 /* tabbar_selected_background@2x.png */,
				831FFB5518C421F600CAA765 /* third_normal.png */,
				831FFB5618C421F600CAA765 /* third_normal@2x.png */,
				831FFB5718C421F600CAA765 /* third_selected.png */,
				831FFB5818C421F600CAA765 /* third_selected@2x.png */,
			);
			path = images;
			sourceTree = "<group>";
		};
		831FFB8918C4266D00CAA765 /* SDWebImage */ = {
			isa = PBXGroup;
			children = (
				831FFB8A18C4266D00CAA765 /* MKAnnotationView+WebCache.h */,
				831FFB8B18C4266D00CAA765 /* MKAnnotationView+WebCache.m */,
				831FFB8C18C4266D00CAA765 /* NSData+GIF.h */,
				831FFB8D18C4266D00CAA765 /* NSData+GIF.m */,
				831FFB8E18C4266D00CAA765 /* SDImageCache.h */,
				831FFB8F18C4266D00CAA765 /* SDImageCache.m */,
				831FFB9018C4266D00CAA765 /* SDWebImageCompat.h */,
				831FFB9118C4266D00CAA765 /* SDWebImageCompat.m */,
				831FFB9218C4266D00CAA765 /* SDWebImageDecoder.h */,
				831FFB9318C4266D00CAA765 /* SDWebImageDecoder.m */,
				831FFB9418C4266D00CAA765 /* SDWebImageDownloader.h */,
				831FFB9518C4266D00CAA765 /* SDWebImageDownloader.m */,
				831FFB9618C4266D00CAA765 /* SDWebImageDownloaderOperation.h */,
				831FFB9718C4266D00CAA765 /* SDWebImageDownloaderOperation.m */,
				831FFB9818C4266D00CAA765 /* SDWebImageManager.h */,
				831FFB9918C4266D00CAA765 /* SDWebImageManager.m */,
				831FFB9A18C4266D00CAA765 /* SDWebImageOperation.h */,
				831FFB9B18C4266D00CAA765 /* SDWebImagePrefetcher.h */,
				831FFB9C18C4266D00CAA765 /* SDWebImagePrefetcher.m */,
				831FFB9D18C4266D00CAA765 /* UIButton+WebCache.h */,
				831FFB9E18C4266D00CAA765 /* UIButton+WebCache.m */,
				831FFB9F18C4266D00CAA765 /* UIImage+GIF.h */,
				831FFBA018C4266D00CAA765 /* UIImage+GIF.m */,
				831FFBA118C4266D00CAA765 /* UIImage+MultiFormat.h */,
				831FFBA218C4266D00CAA765 /* UIImage+MultiFormat.m */,
				831FFBA318C4266D00CAA765 /* UIImage+WebP.h */,
				831FFBA418C4266D00CAA765 /* UIImage+WebP.m */,
				831FFBA518C4266D00CAA765 /* UIImageView+WebCache.h */,
				831FFBA618C4266D00CAA765 /* UIImageView+WebCache.m */,
			);
			path = SDWebImage;
			sourceTree = "<group>";
		};
		831FFBBC18C426D900CAA765 /* MBProgressHUD */ = {
			isa = PBXGroup;
			children = (
				831FFBBD18C426D900CAA765 /* MBProgressHUD.h */,
				831FFBBE18C426D900CAA765 /* MBProgressHUD.m */,
			);
			path = MBProgressHUD;
			sourceTree = "<group>";
		};
		831FFBC018C4273300CAA765 /* MJRefresh */ = {
			isa = PBXGroup;
			children = (
				831FFBC118C4273300CAA765 /* MJRefresh.bundle */,
				831FFBC218C4273300CAA765 /* MJRefresh.h */,
				831FFBC318C4273300CAA765 /* MJRefreshBaseView.h */,
				831FFBC418C4273300CAA765 /* MJRefreshBaseView.m */,
				831FFBC518C4273300CAA765 /* MJRefreshFooterView.h */,
				831FFBC618C4273300CAA765 /* MJRefreshFooterView.m */,
				831FFBC718C4273300CAA765 /* MJRefreshHeaderView.h */,
				831FFBC818C4273300CAA765 /* MJRefreshHeaderView.m */,
			);
			path = MJRefresh;
			sourceTree = "<group>";
		};
/* End PBXGroup section */

/* Begin PBXNativeTarget section */
		831FFB0618C4211500CAA765 /* acg */ = {
			isa = PBXNativeTarget;
			buildConfigurationList = 831FFB3318C4211500CAA765 /* Build configuration list for PBXNativeTarget "acg" */;
			buildPhases = (
				831FFB0318C4211500CAA765 /* Sources */,
				831FFB0418C4211500CAA765 /* Frameworks */,
				831FFB0518C4211500CAA765 /* Resources */,
			);
			buildRules = (
			);
			dependencies = (
			);
			name = acg;
			productName = acg;
			productReference = 831FFB0718C4211500CAA765 /* acg.app */;
			productType = "com.apple.product-type.application";
		};
		831FFB2118C4211500CAA765 /* acgTests */ = {
			isa = PBXNativeTarget;
			buildConfigurationList = 831FFB3618C4211500CAA765 /* Build configuration list for PBXNativeTarget "acgTests" */;
			buildPhases = (
				831FFB1E18C4211500CAA765 /* Sources */,
				831FFB1F18C4211500CAA765 /* Frameworks */,
				831FFB2018C4211500CAA765 /* Resources */,
			);
			buildRules = (
			);
			dependencies = (
				831FFB2818C4211500CAA765 /* PBXTargetDependency */,
			);
			name = acgTests;
			productName = acgTests;
			productReference = 831FFB2218C4211500CAA765 /* acgTests.xctest */;
			productType = "com.apple.product-type.bundle.unit-test";
		};
/* End PBXNativeTarget section */

/* Begin PBXProject section */
		831FFAFF18C4211500CAA765 /* Project object */ = {
			isa = PBXProject;
			attributes = {
				LastUpgradeCheck = 0500;
				ORGANIZATIONNAME = LINAICAI;
				TargetAttributes = {
					831FFB2118C4211500CAA765 = {
						TestTargetID = 831FFB0618C4211500CAA765;
					};
				};
			};
			buildConfigurationList = 831FFB0218C4211500CAA765 /* Build configuration list for PBXProject "acg" */;
			compatibilityVersion = "Xcode 3.2";
			developmentRegion = English;
			hasScannedForEncodings = 0;
			knownRegions = (
				en,
			);
			mainGroup = 831FFAFE18C4211500CAA765;
			productRefGroup = 831FFB0818C4211500CAA765 /* Products */;
			projectDirPath = "";
			projectRoot = "";
			targets = (
				831FFB0618C4211500CAA765 /* acg */,
				831FFB2118C4211500CAA765 /* acgTests */,
			);
		};
/* End PBXProject section */

/* Begin PBXResourcesBuildPhase section */
		831FFB0518C4211500CAA765 /* Resources */ = {
			isa = PBXResourcesBuildPhase;
			buildActionMask = 2147483647;
			files = (
				831FFB6118C421F600CAA765 /* second_normal.png in Resources */,
				831FFB6518C421F600CAA765 /* tabbar_normal_background.png in Resources */,
				831FFBC918C4273300CAA765 /* MJRefresh.bundle in Resources */,
				831FFB6218C421F600CAA765 /* second_normal@2x.png in Resources */,
				831FFB5E18C421F600CAA765 /* navigationbar_background@2x.png in Resources */,
				831FFB6418C421F600CAA765 /* second_selected@2x.png in Resources */,
				831FFB5A18C421F600CAA765 /* first_normal@2x.png in Resources */,
				831FFB6318C421F600CAA765 /* second_selected.png in Resources */,
				831FFB5B18C421F600CAA765 /* first_selected.png in Resources */,
				831FFB1518C4211500CAA765 /* InfoPlist.strings in Resources */,
				831FFB5918C421F600CAA765 /* first_normal.png in Resources */,
				831FFB6018C421F600CAA765 /* navigationbar_background_tall@2x.png in Resources */,
				831FFB6A18C421F600CAA765 /* third_normal@2x.png in Resources */,
				831FFB5D18C421F600CAA765 /* navigationbar_background.png in Resources */,
				831FFB6B18C421F600CAA765 /* third_selected.png in Resources */,
				831FFB5F18C421F600CAA765 /* navigationbar_background_tall.png in Resources */,
				831FFB6818C421F600CAA765 /* tabbar_selected_background@2x.png in Resources */,
				831FFB5C18C421F600CAA765 /* first_selected@2x.png in Resources */,
				831FFB6C18C421F600CAA765 /* third_selected@2x.png in Resources */,
				831FFB1D18C4211500CAA765 /* Images.xcassets in Resources */,
				831FFB6618C421F600CAA765 /* tabbar_normal_background@2x.png in Resources */,
				831FFB6718C421F600CAA765 /* tabbar_selected_background.png in Resources */,
				831FFB6918C421F600CAA765 /* third_normal.png in Resources */,
			);
			runOnlyForDeploymentPostprocessing = 0;
		};
		831FFB2018C4211500CAA765 /* Resources */ = {
			isa = PBXResourcesBuildPhase;
			buildActionMask = 2147483647;
			files = (
				831FFB2E18C4211500CAA765 /* InfoPlist.strings in Resources */,
			);
			runOnlyForDeploymentPostprocessing = 0;
		};
/* End PBXResourcesBuildPhase section */

/* Begin PBXSourcesBuildPhase section */
		831FFB0318C4211500CAA765 /* Sources */ = {
			isa = PBXSourcesBuildPhase;
			buildActionMask = 2147483647;
			files = (
				831FFBB818C4266D00CAA765 /* UIImage+GIF.m in Sources */,
				831FFBB518C4266D00CAA765 /* SDWebImageManager.m in Sources */,
				831FFBB418C4266D00CAA765 /* SDWebImageDownloaderOperation.m in Sources */,
				831FFBB018C4266D00CAA765 /* SDImageCache.m in Sources */,
				831FFBAE18C4266D00CAA765 /* MKAnnotationView+WebCache.m in Sources */,
				831FFB7418C4225400CAA765 /* RDVSecondViewController.m in Sources */,
				831FFBB918C4266D00CAA765 /* UIImage+MultiFormat.m in Sources */,
				831FFB7518C4225400CAA765 /* RDVThirdViewController.m in Sources */,
				831FFB4318C421A100CAA765 /* RDVTabBarItem.m in Sources */,
				831FFBBA18C4266D00CAA765 /* UIImage+WebP.m in Sources */,
				831FFBB618C4266D00CAA765 /* SDWebImagePrefetcher.m in Sources */,
				831FFB4218C421A100CAA765 /* RDVTabBarController.m in Sources */,
				831FFBBF18C426D900CAA765 /* MBProgressHUD.m in Sources */,
				831FFB7318C4225400CAA765 /* RDVFirstViewController.m in Sources */,
				831FFBB118C4266D00CAA765 /* SDWebImageCompat.m in Sources */,
				831FFBCC18C4273300CAA765 /* MJRefreshHeaderView.m in Sources */,
				831FFBB218C4266D00CAA765 /* SDWebImageDecoder.m in Sources */,
				831FFBCB18C4273300CAA765 /* MJRefreshFooterView.m in Sources */,
				831FFB7818C4234F00CAA765 /* RDVFourViewController.m in Sources */,
				831FFBB718C4266D00CAA765 /* UIButton+WebCache.m in Sources */,
				831FFB1B18C4211500CAA765 /* AppDelegate.m in Sources */,
				831FFB1718C4211500CAA765 /* main.m in Sources */,
				831FFBAF18C4266D00CAA765 /* NSData+GIF.m in Sources */,
				831FFBBB18C4266D00CAA765 /* UIImageView+WebCache.m in Sources */,
				831FFBB318C4266D00CAA765 /* SDWebImageDownloader.m in Sources */,
				831FFBCA18C4273300CAA765 /* MJRefreshBaseView.m in Sources */,
				831FFB4118C421A100CAA765 /* RDVTabBar.m in Sources */,
			);
			runOnlyForDeploymentPostprocessing = 0;
		};
		831FFB1E18C4211500CAA765 /* Sources */ = {
			isa = PBXSourcesBuildPhase;
			buildActionMask = 2147483647;
			files = (
				831FFB3018C4211500CAA765 /* acgTests.m in Sources */,
			);
			runOnlyForDeploymentPostprocessing = 0;
		};
/* End PBXSourcesBuildPhase section */

/* Begin PBXTargetDependency section */
		831FFB2818C4211500CAA765 /* PBXTargetDependency */ = {
			isa = PBXTargetDependency;
			target = 831FFB0618C4211500CAA765 /* acg */;
			targetProxy = 831FFB2718C4211500CAA765 /* PBXContainerItemProxy */;
		};
/* End PBXTargetDependency section */

/* Begin PBXVariantGroup section */
		831FFB1318C4211500CAA765 /* InfoPlist.strings */ = {
			isa = PBXVariantGroup;
			children = (
				831FFB1418C4211500CAA765 /* en */,
			);
			name = InfoPlist.strings;
			sourceTree = "<group>";
		};
		831FFB2C18C4211500CAA765 /* InfoPlist.strings */ = {
			isa = PBXVariantGroup;
			children = (
				831FFB2D18C4211500CAA765 /* en */,
			);
			name = InfoPlist.strings;
			sourceTree = "<group>";
		};
/* End PBXVariantGroup section */

/* Begin XCBuildConfiguration section */
		831FFB3118C4211500CAA765 /* Debug */ = {
			isa = XCBuildConfiguration;
			buildSettings = {
				ALWAYS_SEARCH_USER_PATHS = NO;
				ARCHS = "$(ARCHS_STANDARD)";
				CLANG_CXX_LANGUAGE_STANDARD = "gnu++0x";
				CLANG_CXX_LIBRARY = "libc++";
				CLANG_ENABLE_MODULES = YES;
				CLANG_ENABLE_OBJC_ARC = YES;
				CLANG_WARN_BOOL_CONVERSION = YES;
				CLANG_WARN_CONSTANT_CONVERSION = YES;
				CLANG_WARN_DIRECT_OBJC_ISA_USAGE = YES_ERROR;
				CLANG_WARN_EMPTY_BODY = YES;
				CLANG_WARN_ENUM_CONVERSION = YES;
				CLANG_WARN_INT_CONVERSION = YES;
				CLANG_WARN_OBJC_ROOT_CLASS = YES_ERROR;
				CLANG_WARN__DUPLICATE_METHOD_MATCH = YES;
				"CODE_SIGN_IDENTITY[sdk=iphoneos*]" = "iPhone Developer";
				COPY_PHASE_STRIP = NO;
				GCC_C_LANGUAGE_STANDARD = gnu99;
				GCC_DYNAMIC_NO_PIC = NO;
				GCC_OPTIMIZATION_LEVEL = 0;
				GCC_PREPROCESSOR_DEFINITIONS = (
					"DEBUG=1",
					"$(inherited)",
				);
				GCC_SYMBOLS_PRIVATE_EXTERN = NO;
				GCC_WARN_64_TO_32_BIT_CONVERSION = YES;
				GCC_WARN_ABOUT_RETURN_TYPE = YES_ERROR;
				GCC_WARN_UNDECLARED_SELECTOR = YES;
				GCC_WARN_UNINITIALIZED_AUTOS = YES;
				GCC_WARN_UNUSED_FUNCTION = YES;
				GCC_WARN_UNUSED_VARIABLE = YES;
				IPHONEOS_DEPLOYMENT_TARGET = 5.0;
				ONLY_ACTIVE_ARCH = YES;
				SDKROOT = iphoneos;
				TARGETED_DEVICE_FAMILY = "1,2";
			};
			name = Debug;
		};
		831FFB3218C4211500CAA765 /* Release */ = {
			isa = XCBuildConfiguration;
			buildSettings = {
				ALWAYS_SEARCH_USER_PATHS = NO;
				ARCHS = "$(ARCHS_STANDARD)";
				CLANG_CXX_LANGUAGE_STANDARD = "gnu++0x";
				CLANG_CXX_LIBRARY = "libc++";
				CLANG_ENABLE_MODULES = YES;
				CLANG_ENABLE_OBJC_ARC = YES;
				CLANG_WARN_BOOL_CONVERSION = YES;
				CLANG_WARN_CONSTANT_CONVERSION = YES;
				CLANG_WARN_DIRECT_OBJC_ISA_USAGE = YES_ERROR;
				CLANG_WARN_EMPTY_BODY = YES;
				CLANG_WARN_ENUM_CONVERSION = YES;
				CLANG_WARN_INT_CONVERSION = YES;
				CLANG_WARN_OBJC_ROOT_CLASS = YES_ERROR;
				CLANG_WARN__DUPLICATE_METHOD_MATCH = YES;
				"CODE_SIGN_IDENTITY[sdk=iphoneos*]" = "iPhone Developer";
				COPY_PHASE_STRIP = YES;
				ENABLE_NS_ASSERTIONS = NO;
				GCC_C_LANGUAGE_STANDARD = gnu99;
				GCC_WARN_64_TO_32_BIT_CONVERSION = YES;
				GCC_WARN_ABOUT_RETURN_TYPE = YES_ERROR;
				GCC_WARN_UNDECLARED_SELECTOR = YES;
				GCC_WARN_UNINITIALIZED_AUTOS = YES;
				GCC_WARN_UNUSED_FUNCTION = YES;
				GCC_WARN_UNUSED_VARIABLE = YES;
				IPHONEOS_DEPLOYMENT_TARGET = 5.0;
				SDKROOT = iphoneos;
				TARGETED_DEVICE_FAMILY = "1,2";
				VALIDATE_PRODUCT = YES;
			};
			name = Release;
		};
		831FFB3418C4211500CAA765 /* Debug */ = {
			isa = XCBuildConfiguration;
			buildSettings = {
				ASSETCATALOG_COMPILER_APPICON_NAME = AppIcon;
				ASSETCATALOG_COMPILER_LAUNCHIMAGE_NAME = LaunchImage;
				GCC_PRECOMPILE_PREFIX_HEADER = YES;
				GCC_PREFIX_HEADER = "acg/acg-Prefix.pch";
				INFOPLIST_FILE = "acg/acg-Info.plist";
				IPHONEOS_DEPLOYMENT_TARGET = 5.0;
				PRODUCT_NAME = "$(TARGET_NAME)";
				WRAPPER_EXTENSION = app;
			};
			name = Debug;
		};
		831FFB3518C4211500CAA765 /* Release */ = {
			isa = XCBuildConfiguration;
			buildSettings = {
				ASSETCATALOG_COMPILER_APPICON_NAME = AppIcon;
				ASSETCATALOG_COMPILER_LAUNCHIMAGE_NAME = LaunchImage;
				GCC_PRECOMPILE_PREFIX_HEADER = YES;
				GCC_PREFIX_HEADER = "acg/acg-Prefix.pch";
				INFOPLIST_FILE = "acg/acg-Info.plist";
				IPHONEOS_DEPLOYMENT_TARGET = 5.0;
				PRODUCT_NAME = "$(TARGET_NAME)";
				WRAPPER_EXTENSION = app;
			};
			name = Release;
		};
		831FFB3718C4211500CAA765 /* Debug */ = {
			isa = XCBuildConfiguration;
			buildSettings = {
				ARCHS = "$(ARCHS_STANDARD_INCLUDING_64_BIT)";
				BUNDLE_LOADER = "$(BUILT_PRODUCTS_DIR)/acg.app/acg";
				FRAMEWORK_SEARCH_PATHS = (
					"$(SDKROOT)/Developer/Library/Frameworks",
					"$(inherited)",
					"$(DEVELOPER_FRAMEWORKS_DIR)",
				);
				GCC_PRECOMPILE_PREFIX_HEADER = YES;
				GCC_PREFIX_HEADER = "acg/acg-Prefix.pch";
				GCC_PREPROCESSOR_DEFINITIONS = (
					"DEBUG=1",
					"$(inherited)",
				);
				INFOPLIST_FILE = "acgTests/acgTests-Info.plist";
				PRODUCT_NAME = "$(TARGET_NAME)";
				TEST_HOST = "$(BUNDLE_LOADER)";
				WRAPPER_EXTENSION = xctest;
			};
			name = Debug;
		};
		831FFB3818C4211500CAA765 /* Release */ = {
			isa = XCBuildConfiguration;
			buildSettings = {
				ARCHS = "$(ARCHS_STANDARD_INCLUDING_64_BIT)";
				BUNDLE_LOADER = "$(BUILT_PRODUCTS_DIR)/acg.app/acg";
				FRAMEWORK_SEARCH_PATHS = (
					"$(SDKROOT)/Developer/Library/Frameworks",
					"$(inherited)",
					"$(DEVELOPER_FRAMEWORKS_DIR)",
				);
				GCC_PRECOMPILE_PREFIX_HEADER = YES;
				GCC_PREFIX_HEADER = "acg/acg-Prefix.pch";
				INFOPLIST_FILE = "acgTests/acgTests-Info.plist";
				PRODUCT_NAME = "$(TARGET_NAME)";
				TEST_HOST = "$(BUNDLE_LOADER)";
				WRAPPER_EXTENSION = xctest;
			};
			name = Release;
		};
/* End XCBuildConfiguration section */

/* Begin XCConfigurationList section */
		831FFB0218C4211500CAA765 /* Build configuration list for PBXProject "acg" */ = {
			isa = XCConfigurationList;
			buildConfigurations = (
				831FFB3118C4211500CAA765 /* Debug */,
				831FFB3218C4211500CAA765 /* Release */,
			);
			defaultConfigurationIsVisible = 0;
			defaultConfigurationName = Release;
		};
		831FFB3318C4211500CAA765 /* Build configuration list for PBXNativeTarget "acg" */ = {
			isa = XCConfigurationList;
			buildConfigurations = (
				831FFB3418C4211500CAA765 /* Debug */,
				831FFB3518C4211500CAA765 /* Release */,
			);
			defaultConfigurationIsVisible = 0;
		};
		831FFB3618C4211500CAA765 /* Build configuration list for PBXNativeTarget "acgTests" */ = {
			isa = XCConfigurationList;
			buildConfigurations = (
				831FFB3718C4211500CAA765 /* Debug */,
				831FFB3818C4211500CAA765 /* Release */,
			);
			defaultConfigurationIsVisible = 0;
		};
/* End XCConfigurationList section */
	};
	rootObject = 831FFAFF18C4211500CAA765 /* Project object */;
}
